# Generated by buf. DO NOT EDIT.
version: v1
deps:
  - remote: buf.build
    owner: proximaone
    repository: dbapis-collections
    branch: main
    commit: 079ea37440d9407a8a538f1bd9c3f425
    digest: b1-yQywhgEX89qW66XeLxkg4J_lZ4S8hl5ryI0V9Sk5PyQ=
    create_time: 2022-02-21T14:39:14.527015Z
  - remote: buf.build
    owner: proximaone
    repository: dbapis-transactions
    branch: main
    commit: ede10ab9581f4ff0b8422cc1dea06634
    digest: b1-Hy8JGdaqfCBSMBnat7ini6XkHpKB97xfXF-UZX3DBlM=
    create_time: 2022-02-21T14:40:09.782362Z
